
Microsoft Visual Studio Solution File, Format Version 12.00
# Visual Studio Version 16
VisualStudioVersion = 16.0.29230.47
MinimumVisualStudioVersion = 10.0.40219.1
Project("{9A19103F-16F7-4668-BE54-9A1E7A4F7556}") = "WorldMapCompiler", "WorldMapCompiler\WorldMapCompiler.csproj", "{48D49A12-6167-4C48-9699-83222DF2BFC8}"
EndProject
Project("{9A19103F-16F7-4668-BE54-9A1E7A4F7556}") = "DBDefsLib", "DBDefsLib\DBDefsLib.csproj", "{FA3D7F58-625B-4955-A82B-D41C76A33BF4}"
EndProject
Project("{FAE04EC0-301F-11D3-BF4B-00C04F79EFBC}") = "WoWFormatLib", "WoWFormatLib\WoWFormatLib\WoWFormatLib.csproj", "{5DB0FB8F-0EAA-490A-AA7D-28AE010186A9}"
EndProject
Global
	GlobalSection(SolutionConfigurationPlatforms) = preSolution
		Debug|Any CPU = Debug|Any CPU
		Release|Any CPU = Release|Any CPU
	EndGlobalSection
	GlobalSection(ProjectConfigurationPlatforms) = postSolution
		{48D49A12-6167-4C48-9699-83222DF2BFC8}.Debug|Any CPU.ActiveCfg = Debug|Any CPU
		{48D49A12-6167-4C48-9699-83222DF2BFC8}.Debug|Any CPU.Build.0 = Debug|Any CPU
		{48D49A12-6167-4C48-9699-83222DF2BFC8}.Release|Any CPU.ActiveCfg = Release|Any CPU
		{48D49A12-6167-4C48-9699-83222DF2BFC8}.Release|Any CPU.Build.0 = Release|Any CPU
		{FA3D7F58-625B-4955-A82B-D41C76A33BF4}.Debug|Any CPU.ActiveCfg = Debug|Any CPU
		{FA3D7F58-625B-4955-A82B-D41C76A33BF4}.Debug|Any CPU.Build.0 = Debug|Any CPU
		{FA3D7F58-625B-4955-A82B-D41C76A33BF4}.Release|Any CPU.ActiveCfg = Release|Any CPU
		{FA3D7F58-625B-4955-A82B-D41C76A33BF4}.Release|Any CPU.Build.0 = Release|Any CPU
		{5DB0FB8F-0EAA-490A-AA7D-28AE010186A9}.Debug|Any CPU.ActiveCfg = Debug|Any CPU
		{5DB0FB8F-0EAA-490A-AA7D-28AE010186A9}.Debug|Any CPU.Build.0 = Debug|Any CPU
		{5DB0FB8F-0EAA-490A-AA7D-28AE010186A9}.Release|Any CPU.ActiveCfg = Release|Any CPU
		{5DB0FB8F-0EAA-490A-AA7D-28AE010186A9}.Release|Any CPU.Build.0 = Release|Any CPU
	EndGlobalSection
	GlobalSection(SolutionProperties) = preSolution
		HideSolutionNode = FALSE
	EndGlobalSection
	GlobalSection(ExtensibilityGlobals) = postSolution
		SolutionGuid = {625A2E4A-74E7-4752-B032-40820809D4E7}
	EndGlobalSection
EndGlobal
