
Microsoft Visual Studio Solution File, Format Version 12.00
# Visual Studio Version 16
VisualStudioVersion = 16.0.29230.47
MinimumVisualStudioVersion = 10.0.40219.1
Project("{9A19103F-16F7-4668-BE54-9A1E7A4F7556}") = "WorldMapCompiler", "WorldMapCompiler\WorldMapCompiler.csproj", "{48D49A12-6167-4C48-9699-83222DF2BFC8}"
EndProject
Global
	GlobalSection(SolutionConfigurationPlatforms) = preSolution
		Debug|Any CPU = Debug|Any CPU
		Release|Any CPU = Release|Any CPU
	EndGlobalSection
	GlobalSection(ProjectConfigurationPlatforms) = postSolution
		{48D49A12-6167-4C48-9699-83222DF2BFC8}.Debug|Any CPU.ActiveCfg = Debug|Any CPU
		{48D49A12-6167-4C48-9699-83222DF2BFC8}.Debug|Any CPU.Build.0 = Debug|Any CPU
		{48D49A12-6167-4C48-9699-83222DF2BFC8}.Release|Any CPU.ActiveCfg = Release|Any CPU
		{48D49A12-6167-4C48-9699-83222DF2BFC8}.Release|Any CPU.Build.0 = Release|Any CPU
	EndGlobalSection
	GlobalSection(SolutionProperties) = preSolution
		HideSolutionNode = FALSE
	EndGlobalSection
	GlobalSection(ExtensibilityGlobals) = postSolution
		SolutionGuid = {625A2E4A-74E7-4752-B032-40820809D4E7}
	EndGlobalSection
EndGlobal
